
Microsoft Visual Studio Solution File, Format Version 12.00
# Visual Studio Version 17
VisualStudioVersion = 17.6.33723.286
MinimumVisualStudioVersion = 10.0.40219.1
Project("{FAE04EC0-301F-11D3-BF4B-00C04F79EFBC}") = "GeometricFigureService", "GeometricFigureService\GeometricFigureService.csproj", "{CEA318D8-BEFC-4CA0-9722-D38A591C9114}"
EndProject
Project("{FAE04EC0-301F-11D3-BF4B-00C04F79EFBC}") = "GeometricFigureDemo", "GeometricFigureDemo\GeometricFigureDemo.csproj", "{9835F3C4-FB5A-408D-917E-5B84EA8CDA53}"
EndProject
Project("{FAE04EC0-301F-11D3-BF4B-00C04F79EFBC}") = "GeometricFigureTest", "GeometricFigureTest\GeometricFigureTest.csproj", "{63553AED-82A6-4169-97A1-D23546D99AE7}"
EndProject
Global
	GlobalSection(SolutionConfigurationPlatforms) = preSolution
		Debug|Any CPU = Debug|Any CPU
		Release|Any CPU = Release|Any CPU
	EndGlobalSection
	GlobalSection(ProjectConfigurationPlatforms) = postSolution
		{CEA318D8-BEFC-4CA0-9722-D38A591C9114}.Debug|Any CPU.ActiveCfg = Debug|Any CPU
		{CEA318D8-BEFC-4CA0-9722-D38A591C9114}.Debug|Any CPU.Build.0 = Debug|Any CPU
		{CEA318D8-BEFC-4CA0-9722-D38A591C9114}.Release|Any CPU.ActiveCfg = Release|Any CPU
		{CEA318D8-BEFC-4CA0-9722-D38A591C9114}.Release|Any CPU.Build.0 = Release|Any CPU
		{9835F3C4-FB5A-408D-917E-5B84EA8CDA53}.Debug|Any CPU.ActiveCfg = Debug|Any CPU
		{9835F3C4-FB5A-408D-917E-5B84EA8CDA53}.Debug|Any CPU.Build.0 = Debug|Any CPU
		{9835F3C4-FB5A-408D-917E-5B84EA8CDA53}.Release|Any CPU.ActiveCfg = Release|Any CPU
		{9835F3C4-FB5A-408D-917E-5B84EA8CDA53}.Release|Any CPU.Build.0 = Release|Any CPU
		{63553AED-82A6-4169-97A1-D23546D99AE7}.Debug|Any CPU.ActiveCfg = Debug|Any CPU
		{63553AED-82A6-4169-97A1-D23546D99AE7}.Debug|Any CPU.Build.0 = Debug|Any CPU
		{63553AED-82A6-4169-97A1-D23546D99AE7}.Release|Any CPU.ActiveCfg = Release|Any CPU
		{63553AED-82A6-4169-97A1-D23546D99AE7}.Release|Any CPU.Build.0 = Release|Any CPU
	EndGlobalSection
	GlobalSection(SolutionProperties) = preSolution
		HideSolutionNode = FALSE
	EndGlobalSection
	GlobalSection(ExtensibilityGlobals) = postSolution
		SolutionGuid = {5F76DA17-5DF9-4509-994F-6CD980C91100}
	EndGlobalSection
EndGlobal
